
Microsoft Visual Studio Solution File, Format Version 12.00
# Visual Studio Version 16
VisualStudioVersion = 25.0.1703.5
MinimumVisualStudioVersion = 10.0.40219.1
Project("{FAE04EC0-301F-11D3-BF4B-00C04F79EFBC}") = "AzureDevopsAssignment", "AzureDevopsAssignment\AzureDevopsAssignment.csproj", "{614EDF6F-5294-4E73-B44B-47DEB7FF26A4}"
EndProject
Global
	GlobalSection(SolutionConfigurationPlatforms) = preSolution
		Debug|Any CPU = Debug|Any CPU
		Release|Any CPU = Release|Any CPU
	EndGlobalSection
	GlobalSection(ProjectConfigurationPlatforms) = postSolution
		{614EDF6F-5294-4E73-B44B-47DEB7FF26A4}.Debug|Any CPU.ActiveCfg = Debug|Any CPU
		{614EDF6F-5294-4E73-B44B-47DEB7FF26A4}.Debug|Any CPU.Build.0 = Debug|Any CPU
		{614EDF6F-5294-4E73-B44B-47DEB7FF26A4}.Release|Any CPU.ActiveCfg = Release|Any CPU
		{614EDF6F-5294-4E73-B44B-47DEB7FF26A4}.Release|Any CPU.Build.0 = Release|Any CPU
	EndGlobalSection
	GlobalSection(SolutionProperties) = preSolution
		HideSolutionNode = FALSE
	EndGlobalSection
	GlobalSection(ExtensibilityGlobals) = postSolution
		SolutionGuid = {9C3E054F-7EFF-46B8-99FB-042DF24E2511}
	EndGlobalSection
EndGlobal
